{
    "_readme": [
        "This file locks the dependencies of your project to a known state",
        "Read more about it at https://getcomposer.org/doc/01-basic-usage.md#composer-lock-the-lock-file",
        "This file is @generated automatically"
    ],
    "hash": "3d39640f1c0190dfbf38c9d6f8ddef90",
    "content-hash": "43f60b5778aade5394ecfeda0315e9d2",
    "packages": [
        {
            "name": "jv2222/ezsql",
            "version": "dev-master",
            "source": {
                "type": "git",
                "url": "https://github.com/ezSQL/ezSQL.git",
                "reference": "53b9773a8b69d3c292c9445766a7dcd2de1c619d"
            },
            "dist": {
                "type": "zip",
                "url": "https://api.github.com/repos/ezSQL/ezSQL/zipball/53b9773a8b69d3c292c9445766a7dcd2de1c619d",
                "reference": "53b9773a8b69d3c292c9445766a7dcd2de1c619d",
                "shasum": ""
            },
            "type": "library",
            "autoload": {
                "classmap": [
                    "cubrid/ez_sql_cubrid.php",
                    "pdo/ez_sql_pdo.php",
                    "postgresql/ez_sql_postgresql.php",
                    "mysql/ez_sql_mysql.php",
                    "mysqli/ez_sql_mysqli.php",
                    "sqlsrv/ez_sql_sqlsrv.php",
                    "oracle8_9/ez_sql_oracle8_9.php",
                    "sqlite/ez_sql_sqlite.php",
                    "shared/ez_sql_core.php",
                    "mssql/ez_sql_mssql.php",
                    "sybase/ez_sql_sybase.php",
                    "codeigniter/Ezsql_codeigniter.php"
                ]
            },
            "notification-url": "https://packagist.org/downloads/",
            "license": [
                "LGPL"
            ],
            "authors": [
                {
                    "name": "Justin Vincent",
                    "email": "webmaster@justinvincent.com"
                }
            ],
            "description": "PHP class to make interacting with a database ridiculusly easy.",
            "time": "2015-07-25 01:56:13"
        },
        {
            "name": "klein/klein",
            "version": "v2.1.0",
            "source": {
                "type": "git",
                "url": "https://github.com/chriso/klein.php.git",
                "reference": "5dc073f05adb67ee09680545b4cc7b0590d2559e"
            },
            "dist": {
                "type": "zip",
                "url": "https://api.github.com/repos/chriso/klein.php/zipball/5dc073f05adb67ee09680545b4cc7b0590d2559e",
                "reference": "5dc073f05adb67ee09680545b4cc7b0590d2559e",
                "shasum": ""
            },
            "require": {
                "php": ">=5.3.0"
            },
            "require-dev": {
                "phpunit/php-code-coverage": "1.2.x",
                "phpunit/phpunit": "3.7.x",
                "squizlabs/php_codesniffer": "1.4.8"
            },
            "type": "library",
            "autoload": {
                "psr-4": {
                    "Klein\\": "src/Klein/"
                }
            },
            "notification-url": "https://packagist.org/downloads/",
            "license": [
                "MIT"
            ],
            "authors": [
                {
                    "name": "Chris O'Hara",
                    "email": "cohara87@gmail.com",
                    "homepage": "http://chris6f.com/",
                    "role": "Creator/Developer"
                },
                {
                    "name": "Trevor Suarez",
                    "email": "rican7@gmail.com",
                    "homepage": "http://about.me/tnsuarez",
                    "role": "Contributor/Developer"
                }
            ],
            "description": "A lightning fast router for PHP",
            "homepage": "https://github.com/chriso/klein.php",
            "keywords": [
                "boilerplate",
                "router",
                "routing",
                "sinatra"
            ],
            "time": "2014-11-07 07:35:23"
        },
        {
            "name": "twig/twig",
            "version": "dev-master",
            "source": {
                "type": "git",
                "url": "https://github.com/twigphp/Twig.git",
                "reference": "66e2275527ccd4e70dc4713a5f1dc8bca3fc7f39"
            },
            "dist": {
                "type": "zip",
                "url": "https://api.github.com/repos/twigphp/Twig/zipball/66e2275527ccd4e70dc4713a5f1dc8bca3fc7f39",
                "reference": "66e2275527ccd4e70dc4713a5f1dc8bca3fc7f39",
                "shasum": ""
            },
            "require": {
                "php": ">=5.5"
            },
            "require-dev": {
                "symfony/debug": "~2.7",
                "symfony/phpunit-bridge": "~2.7"
            },
            "type": "library",
            "extra": {
                "branch-alias": {
                    "dev-master": "2.0-dev"
                }
            },
            "autoload": {
                "psr-0": {
                    "Twig_": "lib/"
                }
            },
            "notification-url": "https://packagist.org/downloads/",
            "license": [
                "BSD-3-Clause"
            ],
            "authors": [
                {
                    "name": "Fabien Potencier",
                    "email": "fabien@symfony.com",
                    "homepage": "http://fabien.potencier.org",
                    "role": "Lead Developer"
                },
                {
                    "name": "Armin Ronacher",
                    "email": "armin.ronacher@active-4.com",
                    "role": "Project Founder"
                },
                {
                    "name": "Twig Team",
                    "homepage": "http://twig.sensiolabs.org/contributors",
                    "role": "Contributors"
                }
            ],
            "description": "Twig, the flexible, fast, and secure template language for PHP",
            "homepage": "http://twig.sensiolabs.org",
            "keywords": [
                "templating"
            ],
            "time": "2015-10-21 06:08:09"
        },
        {
            "name": "wixel/gump",
            "version": "dev-master",
            "source": {
                "type": "git",
                "url": "https://github.com/Wixel/GUMP.git",
                "reference": "b9bc4dda5ce787b91753b587b6bd72c80595c683"
            },
            "dist": {
                "type": "zip",
                "url": "https://api.github.com/repos/Wixel/GUMP/zipball/b9bc4dda5ce787b91753b587b6bd72c80595c683",
                "reference": "b9bc4dda5ce787b91753b587b6bd72c80595c683",
                "shasum": ""
            },
            "type": "library",
            "autoload": {
                "files": [
                    "gump.class.php"
                ]
            },
            "notification-url": "https://packagist.org/downloads/",
            "license": [
                "MIT"
            ],
            "authors": [
                {
                    "name": "Colleen Emryss",
                    "homepage": "http://skitter.tv"
                },
                {
                    "name": "Mark Slingsby",
                    "homepage": "http://www.rsaweb.co.za"
                },
                {
                    "name": "Roy de Kleijn",
                    "homepage": "http://roydekleijn.com"
                },
                {
                    "name": "Christian Klisch",
                    "homepage": "http://www.christian-klisch.de/"
                },
                {
                    "name": "Inge Brattaas",
                    "homepage": "http://res.no/"
                },
                {
                    "name": "Rob Crowe",
                    "homepage": "http://vivalacrowe.com"
                },
                {
                    "name": "Sean Nieuwoudt",
                    "homepage": "https://wixelhq.com"
                }
            ],
            "description": "A fast, extensible & stand-alone PHP input validation class that allows you to validate any data",
            "homepage": "https://wixelhq.com/",
            "time": "2015-09-02 07:46:46"
        }
    ],
    "packages-dev": [],
    "aliases": [],
    "minimum-stability": "dev",
    "stability-flags": {
        "jv2222/ezsql": 20,
        "twig/twig": 20,
        "wixel/gump": 20
    },
    "prefer-stable": false,
    "prefer-lowest": false,
    "platform": [],
    "platform-dev": []
}
